{
  "name": "y-knot",
  "lockfileVersion": 2,
  "requires": true,
  "packages": {
    "": {
      "devDependencies": {
        "@types/luxon": "^3.3.3"
      }
    },
    "node_modules/@types/luxon": {
      "version": "3.3.3",
      "resolved": "https://registry.npmjs.org/@types/luxon/-/luxon-3.3.3.tgz",
      "integrity": "sha512-/BJF3NT0pRMuxrenr42emRUF67sXwcZCd+S1ksG/Fcf9O7C3kKCY4uJSbKBE4KDUIYr3WMsvfmWD8hRjXExBJQ==",
      "dev": true
    }
  },
  "dependencies": {
    "@types/luxon": {
      "version": "3.3.3",
      "resolved": "https://registry.npmjs.org/@types/luxon/-/luxon-3.3.3.tgz",
      "integrity": "sha512-/BJF3NT0pRMuxrenr42emRUF67sXwcZCd+S1ksG/Fcf9O7C3kKCY4uJSbKBE4KDUIYr3WMsvfmWD8hRjXExBJQ==",
      "dev": true
    }
  }
}
